{
  "originHash" : "275a308cd3b1d4162163734968ffec651b85770915ab53184da315e1237d9332",
  "pins" : [
    {
      "identity" : "mpvkit",
      "kind" : "remoteSourceControl",
      "location" : "https://github.com/mpvkit/MPVKit.git",
      "state" : {
        "revision" : "288527dffbc6d3e63cce147fc7b520c64a791603",
        "version" : "1.0.0"
      }
    }
  ],
  "version" : 3
}
